// !$*UTF8*$!
{
	archiveVersion = 1;
	classes = {
	};
	objectVersion = 56;
	objects = {

/* Begin PBXBuildFile section */
		5A11509529A1E1D2008EA06E /* ConvertLogic.swift in Sources */ = {isa = PBXBuildFile; fileRef = 5A11509429A1E1D2008EA06E /* ConvertLogic.swift */; };
		5A4490DE29A1D45E0089EB28 /* AppDelegate.swift in Sources */ = {isa = PBXBuildFile; fileRef = 5A4490DD29A1D45E0089EB28 /* AppDelegate.swift */; };
		5A4490E029A1D45E0089EB28 /* SceneDelegate.swift in Sources */ = {isa = PBXBuildFile; fileRef = 5A4490DF29A1D45E0089EB28 /* SceneDelegate.swift */; };
		5A4490E229A1D45E0089EB28 /* ViewController.swift in Sources */ = {isa = PBXBuildFile; fileRef = 5A4490E129A1D45E0089EB28 /* ViewController.swift */; };
		5A4490E529A1D45E0089EB28 /* Main.storyboard in Resources */ = {isa = PBXBuildFile; fileRef = 5A4490E329A1D45E0089EB28 /* Main.storyboard */; };
		5A4490E729A1D45F0089EB28 /* Assets.xcassets in Resources */ = {isa = PBXBuildFile; fileRef = 5A4490E629A1D45F0089EB28 /* Assets.xcassets */; };
		5A4490EA29A1D45F0089EB28 /* LaunchScreen.storyboard in Resources */ = {isa = PBXBuildFile; fileRef = 5A4490E829A1D45F0089EB28 /* LaunchScreen.storyboard */; };
		5A4490F529A1D45F0089EB28 /* currencyConverterTests.swift in Sources */ = {isa = PBXBuildFile; fileRef = 5A4490F429A1D45F0089EB28 /* currencyConverterTests.swift */; };
		5A4490FF29A1D45F0089EB28 /* currencyConverterUITests.swift in Sources */ = {isa = PBXBuildFile; fileRef = 5A4490FE29A1D45F0089EB28 /* currencyConverterUITests.swift */; };
		5A44910129A1D45F0089EB28 /* currencyConverterUITestsLaunchTests.swift in Sources */ = {isa = PBXBuildFile; fileRef = 5A44910029A1D45F0089EB28 /* currencyConverterUITestsLaunchTests.swift */; };
		5A44911029A1D5CA0089EB28 /* CurrencyConverterViewController.swift in Sources */ = {isa = PBXBuildFile; fileRef = 5A44910F29A1D5CA0089EB28 /* CurrencyConverterViewController.swift */; };
/* End PBXBuildFile section */

/* Begin PBXContainerItemProxy section */
		5A4490F129A1D45F0089EB28 /* PBXContainerItemProxy */ = {
			isa = PBXContainerItemProxy;
			containerPortal = 5A4490D229A1D45E0089EB28 /* Project object */;
			proxyType = 1;
			remoteGlobalIDString = 5A4490D929A1D45E0089EB28;
			remoteInfo = currencyConverter;
		};
		5A4490FB29A1D45F0089EB28 /* PBXContainerItemProxy */ = {
			isa = PBXContainerItemProxy;
			containerPortal = 5A4490D229A1D45E0089EB28 /* Project object */;
			proxyType = 1;
			remoteGlobalIDString = 5A4490D929A1D45E0089EB28;
			remoteInfo = currencyConverter;
		};
/* End PBXContainerItemProxy section */

/* Begin PBXFileReference section */
		5A11509429A1E1D2008EA06E /* ConvertLogic.swift */ = {isa = PBXFileReference; lastKnownFileType = sourcecode.swift; path = ConvertLogic.swift; sourceTree = "<group>"; };
		5A4490DA29A1D45E0089EB28 /* currencyConverter.app */ = {isa = PBXFileReference; explicitFileType = wrapper.application; includeInIndex = 0; path = currencyConverter.app; sourceTree = BUILT_PRODUCTS_DIR; };
		5A4490DD29A1D45E0089EB28 /* AppDelegate.swift */ = {isa = PBXFileReference; lastKnownFileType = sourcecode.swift; path = AppDelegate.swift; sourceTree = "<group>"; };
		5A4490DF29A1D45E0089EB28 /* SceneDelegate.swift */ = {isa = PBXFileReference; lastKnownFileType = sourcecode.swift; path = SceneDelegate.swift; sourceTree = "<group>"; };
		5A4490E129A1D45E0089EB28 /* ViewController.swift */ = {isa = PBXFileReference; lastKnownFileType = sourcecode.swift; path = ViewController.swift; sourceTree = "<group>"; };
		5A4490E429A1D45E0089EB28 /* Base */ = {isa = PBXFileReference; lastKnownFileType = file.storyboard; name = Base; path = Base.lproj/Main.storyboard; sourceTree = "<group>"; };
		5A4490E629A1D45F0089EB28 /* Assets.xcassets */ = {isa = PBXFileReference; lastKnownFileType = folder.assetcatalog; path = Assets.xcassets; sourceTree = "<group>"; };
		5A4490E929A1D45F0089EB28 /* Base */ = {isa = PBXFileReference; lastKnownFileType = file.storyboard; name = Base; path = Base.lproj/LaunchScreen.storyboard; sourceTree = "<group>"; };
		5A4490EB29A1D45F0089EB28 /* Info.plist */ = {isa = PBXFileReference; lastKnownFileType = text.plist.xml; path = Info.plist; sourceTree = "<group>"; };
		5A4490F029A1D45F0089EB28 /* currencyConverterTests.xctest */ = {isa = PBXFileReference; explicitFileType = wrapper.cfbundle; includeInIndex = 0; path = currencyConverterTests.xctest; sourceTree = BUILT_PRODUCTS_DIR; };
		5A4490F429A1D45F0089EB28 /* currencyConverterTests.swift */ = {isa = PBXFileReference; lastKnownFileType = sourcecode.swift; path = currencyConverterTests.swift; sourceTree = "<group>"; };
		5A4490FA29A1D45F0089EB28 /* currencyConverterUITests.xctest */ = {isa = PBXFileReference; explicitFileType = wrapper.cfbundle; includeInIndex = 0; path = currencyConverterUITests.xctest; sourceTree = BUILT_PRODUCTS_DIR; };
		5A4490FE29A1D45F0089EB28 /* currencyConverterUITests.swift */ = {isa = PBXFileReference; lastKnownFileType = sourcecode.swift; path = currencyConverterUITests.swift; sourceTree = "<group>"; };
		5A44910029A1D45F0089EB28 /* currencyConverterUITestsLaunchTests.swift */ = {isa = PBXFileReference; lastKnownFileType = sourcecode.swift; path = currencyConverterUITestsLaunchTests.swift; sourceTree = "<group>"; };
		5A44910F29A1D5CA0089EB28 /* CurrencyConverterViewController.swift */ = {isa = PBXFileReference; lastKnownFileType = sourcecode.swift; path = CurrencyConverterViewController.swift; sourceTree = "<group>"; };
/* End PBXFileReference section */

/* Begin PBXFrameworksBuildPhase section */
		5A4490D729A1D45E0089EB28 /* Frameworks */ = {
			isa = PBXFrameworksBuildPhase;
			buildActionMask = 2147483647;
			files = (
			);
			runOnlyForDeploymentPostprocessing = 0;
		};
		5A4490ED29A1D45F0089EB28 /* Frameworks */ = {
			isa = PBXFrameworksBuildPhase;
			buildActionMask = 2147483647;
			files = (
			);
			runOnlyForDeploymentPostprocessing = 0;
		};
		5A4490F729A1D45F0089EB28 /* Frameworks */ = {
			isa = PBXFrameworksBuildPhase;
			buildActionMask = 2147483647;
			files = (
			);
			runOnlyForDeploymentPostprocessing = 0;
		};
/* End PBXFrameworksBuildPhase section */

/* Begin PBXGroup section */
		5A4490D129A1D45E0089EB28 = {
			isa = PBXGroup;
			children = (
				5A4490DC29A1D45E0089EB28 /* currencyConverter */,
				5A4490F329A1D45F0089EB28 /* currencyConverterTests */,
				5A4490FD29A1D45F0089EB28 /* currencyConverterUITests */,
				5A4490DB29A1D45E0089EB28 /* Products */,
			);
			sourceTree = "<group>";
		};
		5A4490DB29A1D45E0089EB28 /* Products */ = {
			isa = PBXGroup;
			children = (
				5A4490DA29A1D45E0089EB28 /* currencyConverter.app */,
				5A4490F029A1D45F0089EB28 /* currencyConverterTests.xctest */,
				5A4490FA29A1D45F0089EB28 /* currencyConverterUITests.xctest */,
			);
			name = Products;
			sourceTree = "<group>";
		};
		5A4490DC29A1D45E0089EB28 /* currencyConverter */ = {
			isa = PBXGroup;
			children = (
				5A4490DD29A1D45E0089EB28 /* AppDelegate.swift */,
				5A4490DF29A1D45E0089EB28 /* SceneDelegate.swift */,
				5A44910E29A1D4F20089EB28 /* View */,
				5A44910D29A1D4E30089EB28 /* Model */,
				5A4490E329A1D45E0089EB28 /* Main.storyboard */,
				5A4490E629A1D45F0089EB28 /* Assets.xcassets */,
				5A4490E829A1D45F0089EB28 /* LaunchScreen.storyboard */,
				5A4490EB29A1D45F0089EB28 /* Info.plist */,
			);
			path = currencyConverter;
			sourceTree = "<group>";
		};
		5A4490F329A1D45F0089EB28 /* currencyConverterTests */ = {
			isa = PBXGroup;
			children = (
				5A4490F429A1D45F0089EB28 /* currencyConverterTests.swift */,
			);
			path = currencyConverterTests;
			sourceTree = "<group>";
		};
		5A4490FD29A1D45F0089EB28 /* currencyConverterUITests */ = {
			isa = PBXGroup;
			children = (
				5A4490FE29A1D45F0089EB28 /* currencyConverterUITests.swift */,
				5A44910029A1D45F0089EB28 /* currencyConverterUITestsLaunchTests.swift */,
			);
			path = currencyConverterUITests;
			sourceTree = "<group>";
		};
		5A44910D29A1D4E30089EB28 /* Model */ = {
			isa = PBXGroup;
			children = (
				5A11509429A1E1D2008EA06E /* ConvertLogic.swift */,
			);
			path = Model;
			sourceTree = "<group>";
		};
		5A44910E29A1D4F20089EB28 /* View */ = {
			isa = PBXGroup;
			children = (
				5A4490E129A1D45E0089EB28 /* ViewController.swift */,
				5A44910F29A1D5CA0089EB28 /* CurrencyConverterViewController.swift */,
			);
			path = View;
			sourceTree = "<group>";
		};
/* End PBXGroup section */

/* Begin PBXNativeTarget section */
		5A4490D929A1D45E0089EB28 /* currencyConverter */ = {
			isa = PBXNativeTarget;
			buildConfigurationList = 5A44910429A1D45F0089EB28 /* Build configuration list for PBXNativeTarget "currencyConverter" */;
			buildPhases = (
				5A4490D629A1D45E0089EB28 /* Sources */,
				5A4490D729A1D45E0089EB28 /* Frameworks */,
				5A4490D829A1D45E0089EB28 /* Resources */,
			);
			buildRules = (
			);
			dependencies = (
			);
			name = currencyConverter;
			productName = currencyConverter;
			productReference = 5A4490DA29A1D45E0089EB28 /* currencyConverter.app */;
			productType = "com.apple.product-type.application";
		};
		5A4490EF29A1D45F0089EB28 /* currencyConverterTests */ = {
			isa = PBXNativeTarget;
			buildConfigurationList = 5A44910729A1D45F0089EB28 /* Build configuration list for PBXNativeTarget "currencyConverterTests" */;
			buildPhases = (
				5A4490EC29A1D45F0089EB28 /* Sources */,
				5A4490ED29A1D45F0089EB28 /* Frameworks */,
				5A4490EE29A1D45F0089EB28 /* Resources */,
			);
			buildRules = (
			);
			dependencies = (
				5A4490F229A1D45F0089EB28 /* PBXTargetDependency */,
			);
			name = currencyConverterTests;
			productName = currencyConverterTests;
			productReference = 5A4490F029A1D45F0089EB28 /* currencyConverterTests.xctest */;
			productType = "com.apple.product-type.bundle.unit-test";
		};
		5A4490F929A1D45F0089EB28 /* currencyConverterUITests */ = {
			isa = PBXNativeTarget;
			buildConfigurationList = 5A44910A29A1D45F0089EB28 /* Build configuration list for PBXNativeTarget "currencyConverterUITests" */;
			buildPhases = (
				5A4490F629A1D45F0089EB28 /* Sources */,
				5A4490F729A1D45F0089EB28 /* Frameworks */,
				5A4490F829A1D45F0089EB28 /* Resources */,
			);
			buildRules = (
			);
			dependencies = (
				5A4490FC29A1D45F0089EB28 /* PBXTargetDependency */,
			);
			name = currencyConverterUITests;
			productName = currencyConverterUITests;
			productReference = 5A4490FA29A1D45F0089EB28 /* currencyConverterUITests.xctest */;
			productType = "com.apple.product-type.bundle.ui-testing";
		};
/* End PBXNativeTarget section */

/* Begin PBXProject section */
		5A4490D229A1D45E0089EB28 /* Project object */ = {
			isa = PBXProject;
			attributes = {
				BuildIndependentTargetsInParallel = 1;
				LastSwiftUpdateCheck = 1420;
				LastUpgradeCheck = 1420;
				TargetAttributes = {
					5A4490D929A1D45E0089EB28 = {
						CreatedOnToolsVersion = 14.2;
					};
					5A4490EF29A1D45F0089EB28 = {
						CreatedOnToolsVersion = 14.2;
						TestTargetID = 5A4490D929A1D45E0089EB28;
					};
					5A4490F929A1D45F0089EB28 = {
						CreatedOnToolsVersion = 14.2;
						TestTargetID = 5A4490D929A1D45E0089EB28;
					};
				};
			};
			buildConfigurationList = 5A4490D529A1D45E0089EB28 /* Build configuration list for PBXProject "currencyConverter" */;
			compatibilityVersion = "Xcode 14.0";
			developmentRegion = en;
			hasScannedForEncodings = 0;
			knownRegions = (
				en,
				Base,
			);
			mainGroup = 5A4490D129A1D45E0089EB28;
			productRefGroup = 5A4490DB29A1D45E0089EB28 /* Products */;
			projectDirPath = "";
			projectRoot = "";
			targets = (
				5A4490D929A1D45E0089EB28 /* currencyConverter */,
				5A4490EF29A1D45F0089EB28 /* currencyConverterTests */,
				5A4490F929A1D45F0089EB28 /* currencyConverterUITests */,
			);
		};
/* End PBXProject section */

/* Begin PBXResourcesBuildPhase section */
		5A4490D829A1D45E0089EB28 /* Resources */ = {
			isa = PBXResourcesBuildPhase;
			buildActionMask = 2147483647;
			files = (
				5A4490EA29A1D45F0089EB28 /* LaunchScreen.storyboard in Resources */,
				5A4490E729A1D45F0089EB28 /* Assets.xcassets in Resources */,
				5A4490E529A1D45E0089EB28 /* Main.storyboard in Resources */,
			);
			runOnlyForDeploymentPostprocessing = 0;
		};
		5A4490EE29A1D45F0089EB28 /* Resources */ = {
			isa = PBXResourcesBuildPhase;
			buildActionMask = 2147483647;
			files = (
			);
			runOnlyForDeploymentPostprocessing = 0;
		};
		5A4490F829A1D45F0089EB28 /* Resources */ = {
			isa = PBXResourcesBuildPhase;
			buildActionMask = 2147483647;
			files = (
			);
			runOnlyForDeploymentPostprocessing = 0;
		};
/* End PBXResourcesBuildPhase section */

/* Begin PBXSourcesBuildPhase section */
		5A4490D629A1D45E0089EB28 /* Sources */ = {
			isa = PBXSourcesBuildPhase;
			buildActionMask = 2147483647;
			files = (
				5A4490E229A1D45E0089EB28 /* ViewController.swift in Sources */,
				5A4490DE29A1D45E0089EB28 /* AppDelegate.swift in Sources */,
				5A44911029A1D5CA0089EB28 /* CurrencyConverterViewController.swift in Sources */,
				5A4490E029A1D45E0089EB28 /* SceneDelegate.swift in Sources */,
				5A11509529A1E1D2008EA06E /* ConvertLogic.swift in Sources */,
			);
			runOnlyForDeploymentPostprocessing = 0;
		};
		5A4490EC29A1D45F0089EB28 /* Sources */ = {
			isa = PBXSourcesBuildPhase;
			buildActionMask = 2147483647;
			files = (
				5A4490F529A1D45F0089EB28 /* currencyConverterTests.swift in Sources */,
			);
			runOnlyForDeploymentPostprocessing = 0;
		};
		5A4490F629A1D45F0089EB28 /* Sources */ = {
			isa = PBXSourcesBuildPhase;
			buildActionMask = 2147483647;
			files = (
				5A44910129A1D45F0089EB28 /* currencyConverterUITestsLaunchTests.swift in Sources */,
				5A4490FF29A1D45F0089EB28 /* currencyConverterUITests.swift in Sources */,
			);
			runOnlyForDeploymentPostprocessing = 0;
		};
/* End PBXSourcesBuildPhase section */

/* Begin PBXTargetDependency section */
		5A4490F229A1D45F0089EB28 /* PBXTargetDependency */ = {
			isa = PBXTargetDependency;
			target = 5A4490D929A1D45E0089EB28 /* currencyConverter */;
			targetProxy = 5A4490F129A1D45F0089EB28 /* PBXContainerItemProxy */;
		};
		5A4490FC29A1D45F0089EB28 /* PBXTargetDependency */ = {
			isa = PBXTargetDependency;
			target = 5A4490D929A1D45E0089EB28 /* currencyConverter */;
			targetProxy = 5A4490FB29A1D45F0089EB28 /* PBXContainerItemProxy */;
		};
/* End PBXTargetDependency section */

/* Begin PBXVariantGroup section */
		5A4490E329A1D45E0089EB28 /* Main.storyboard */ = {
			isa = PBXVariantGroup;
			children = (
				5A4490E429A1D45E0089EB28 /* Base */,
			);
			name = Main.storyboard;
			sourceTree = "<group>";
		};
		5A4490E829A1D45F0089EB28 /* LaunchScreen.storyboard */ = {
			isa = PBXVariantGroup;
			children = (
				5A4490E929A1D45F0089EB28 /* Base */,
			);
			name = LaunchScreen.storyboard;
			sourceTree = "<group>";
		};
/* End PBXVariantGroup section */

/* Begin XCBuildConfiguration section */
		5A44910229A1D45F0089EB28 /* Debug */ = {
			isa = XCBuildConfiguration;
			buildSettings = {
				ALWAYS_SEARCH_USER_PATHS = NO;
				CLANG_ANALYZER_NONNULL = YES;
				CLANG_ANALYZER_NUMBER_OBJECT_CONVERSION = YES_AGGRESSIVE;
				CLANG_CXX_LANGUAGE_STANDARD = "gnu++20";
				CLANG_ENABLE_MODULES = YES;
				CLANG_ENABLE_OBJC_ARC = YES;
				CLANG_ENABLE_OBJC_WEAK = YES;
				CLANG_WARN_BLOCK_CAPTURE_AUTORELEASING = YES;
				CLANG_WARN_BOOL_CONVERSION = YES;
				CLANG_WARN_COMMA = YES;
				CLANG_WARN_CONSTANT_CONVERSION = YES;
				CLANG_WARN_DEPRECATED_OBJC_IMPLEMENTATIONS = YES;
				CLANG_WARN_DIRECT_OBJC_ISA_USAGE = YES_ERROR;
				CLANG_WARN_DOCUMENTATION_COMMENTS = YES;
				CLANG_WARN_EMPTY_BODY = YES;
				CLANG_WARN_ENUM_CONVERSION = YES;
				CLANG_WARN_INFINITE_RECURSION = YES;
				CLANG_WARN_INT_CONVERSION = YES;
				CLANG_WARN_NON_LITERAL_NULL_CONVERSION = YES;
				CLANG_WARN_OBJC_IMPLICIT_RETAIN_SELF = YES;
				CLANG_WARN_OBJC_LITERAL_CONVERSION = YES;
				CLANG_WARN_OBJC_ROOT_CLASS = YES_ERROR;
				CLANG_WARN_QUOTED_INCLUDE_IN_FRAMEWORK_HEADER = YES;
				CLANG_WARN_RANGE_LOOP_ANALYSIS = YES;
				CLANG_WARN_STRICT_PROTOTYPES = YES;
				CLANG_WARN_SUSPICIOUS_MOVE = YES;
				CLANG_WARN_UNGUARDED_AVAILABILITY = YES_AGGRESSIVE;
				CLANG_WARN_UNREACHABLE_CODE = YES;
				CLANG_WARN__DUPLICATE_METHOD_MATCH = YES;
				COPY_PHASE_STRIP = NO;
				DEBUG_INFORMATION_FORMAT = dwarf;
				ENABLE_STRICT_OBJC_MSGSEND = YES;
				ENABLE_TESTABILITY = YES;
				GCC_C_LANGUAGE_STANDARD = gnu11;
				GCC_DYNAMIC_NO_PIC = NO;
				GCC_NO_COMMON_BLOCKS = YES;
				GCC_OPTIMIZATION_LEVEL = 0;
				GCC_PREPROCESSOR_DEFINITIONS = (
					"DEBUG=1",
					"$(inherited)",
				);
				GCC_WARN_64_TO_32_BIT_CONVERSION = YES;
				GCC_WARN_ABOUT_RETURN_TYPE = YES_ERROR;
				GCC_WARN_UNDECLARED_SELECTOR = YES;
				GCC_WARN_UNINITIALIZED_AUTOS = YES_AGGRESSIVE;
				GCC_WARN_UNUSED_FUNCTION = YES;
				GCC_WARN_UNUSED_VARIABLE = YES;
				IPHONEOS_DEPLOYMENT_TARGET = 16.2;
				MTL_ENABLE_DEBUG_INFO = INCLUDE_SOURCE;
				MTL_FAST_MATH = YES;
				ONLY_ACTIVE_ARCH = YES;
				SDKROOT = iphoneos;
				SWIFT_ACTIVE_COMPILATION_CONDITIONS = DEBUG;
				SWIFT_OPTIMIZATION_LEVEL = "-Onone";
			};
			name = Debug;
		};
		5A44910329A1D45F0089EB28 /* Release */ = {
			isa = XCBuildConfiguration;
			buildSettings = {
				ALWAYS_SEARCH_USER_PATHS = NO;
				CLANG_ANALYZER_NONNULL = YES;
				CLANG_ANALYZER_NUMBER_OBJECT_CONVERSION = YES_AGGRESSIVE;
				CLANG_CXX_LANGUAGE_STANDARD = "gnu++20";
				CLANG_ENABLE_MODULES = YES;
				CLANG_ENABLE_OBJC_ARC = YES;
				CLANG_ENABLE_OBJC_WEAK = YES;
				CLANG_WARN_BLOCK_CAPTURE_AUTORELEASING = YES;
				CLANG_WARN_BOOL_CONVERSION = YES;
				CLANG_WARN_COMMA = YES;
				CLANG_WARN_CONSTANT_CONVERSION = YES;
				CLANG_WARN_DEPRECATED_OBJC_IMPLEMENTATIONS = YES;
				CLANG_WARN_DIRECT_OBJC_ISA_USAGE = YES_ERROR;
				CLANG_WARN_DOCUMENTATION_COMMENTS = YES;
				CLANG_WARN_EMPTY_BODY = YES;
				CLANG_WARN_ENUM_CONVERSION = YES;
				CLANG_WARN_INFINITE_RECURSION = YES;
				CLANG_WARN_INT_CONVERSION = YES;
				CLANG_WARN_NON_LITERAL_NULL_CONVERSION = YES;
				CLANG_WARN_OBJC_IMPLICIT_RETAIN_SELF = YES;
				CLANG_WARN_OBJC_LITERAL_CONVERSION = YES;
				CLANG_WARN_OBJC_ROOT_CLASS = YES_ERROR;
				CLANG_WARN_QUOTED_INCLUDE_IN_FRAMEWORK_HEADER = YES;
				CLANG_WARN_RANGE_LOOP_ANALYSIS = YES;
				CLANG_WARN_STRICT_PROTOTYPES = YES;
				CLANG_WARN_SUSPICIOUS_MOVE = YES;
				CLANG_WARN_UNGUARDED_AVAILABILITY = YES_AGGRESSIVE;
				CLANG_WARN_UNREACHABLE_CODE = YES;
				CLANG_WARN__DUPLICATE_METHOD_MATCH = YES;
				COPY_PHASE_STRIP = NO;
				DEBUG_INFORMATION_FORMAT = "dwarf-with-dsym";
				ENABLE_NS_ASSERTIONS = NO;
				ENABLE_STRICT_OBJC_MSGSEND = YES;
				GCC_C_LANGUAGE_STANDARD = gnu11;
				GCC_NO_COMMON_BLOCKS = YES;
				GCC_WARN_64_TO_32_BIT_CONVERSION = YES;
				GCC_WARN_ABOUT_RETURN_TYPE = YES_ERROR;
				GCC_WARN_UNDECLARED_SELECTOR = YES;
				GCC_WARN_UNINITIALIZED_AUTOS = YES_AGGRESSIVE;
				GCC_WARN_UNUSED_FUNCTION = YES;
				GCC_WARN_UNUSED_VARIABLE = YES;
				IPHONEOS_DEPLOYMENT_TARGET = 16.2;
				MTL_ENABLE_DEBUG_INFO = NO;
				MTL_FAST_MATH = YES;
				SDKROOT = iphoneos;
				SWIFT_COMPILATION_MODE = wholemodule;
				SWIFT_OPTIMIZATION_LEVEL = "-O";
				VALIDATE_PRODUCT = YES;
			};
			name = Release;
		};
		5A44910529A1D45F0089EB28 /* Debug */ = {
			isa = XCBuildConfiguration;
			buildSettings = {
				ASSETCATALOG_COMPILER_APPICON_NAME = AppIcon;
				ASSETCATALOG_COMPILER_GLOBAL_ACCENT_COLOR_NAME = AccentColor;
				CODE_SIGN_STYLE = Automatic;
				CURRENT_PROJECT_VERSION = 1;
				GENERATE_INFOPLIST_FILE = YES;
				INFOPLIST_FILE = currencyConverter/Info.plist;
				INFOPLIST_KEY_UIApplicationSupportsIndirectInputEvents = YES;
				INFOPLIST_KEY_UILaunchStoryboardName = LaunchScreen;
				INFOPLIST_KEY_UIMainStoryboardFile = Main;
				INFOPLIST_KEY_UISupportedInterfaceOrientations_iPad = "UIInterfaceOrientationPortrait UIInterfaceOrientationPortraitUpsideDown UIInterfaceOrientationLandscapeLeft UIInterfaceOrientationLandscapeRight";
				INFOPLIST_KEY_UISupportedInterfaceOrientations_iPhone = "UIInterfaceOrientationPortrait UIInterfaceOrientationLandscapeLeft UIInterfaceOrientationLandscapeRight";
				LD_RUNPATH_SEARCH_PATHS = (
					"$(inherited)",
					"@executable_path/Frameworks",
				);
				MARKETING_VERSION = 1.0;
				PRODUCT_BUNDLE_IDENTIFIER = edu.auburn.tonyg.currencyConverter;
				PRODUCT_NAME = "$(TARGET_NAME)";
				SWIFT_EMIT_LOC_STRINGS = YES;
				SWIFT_VERSION = 5.0;
				TARGETED_DEVICE_FAMILY = "1,2";
			};
			name = Debug;
		};
		5A44910629A1D45F0089EB28 /* Release */ = {
			isa = XCBuildConfiguration;
			buildSettings = {
				ASSETCATALOG_COMPILER_APPICON_NAME = AppIcon;
				ASSETCATALOG_COMPILER_GLOBAL_ACCENT_COLOR_NAME = AccentColor;
				CODE_SIGN_STYLE = Automatic;
				CURRENT_PROJECT_VERSION = 1;
				GENERATE_INFOPLIST_FILE = YES;
				INFOPLIST_FILE = currencyConverter/Info.plist;
				INFOPLIST_KEY_UIApplicationSupportsIndirectInputEvents = YES;
				INFOPLIST_KEY_UILaunchStoryboardName = LaunchScreen;
				INFOPLIST_KEY_UIMainStoryboardFile = Main;
				INFOPLIST_KEY_UISupportedInterfaceOrientations_iPad = "UIInterfaceOrientationPortrait UIInterfaceOrientationPortraitUpsideDown UIInterfaceOrientationLandscapeLeft UIInterfaceOrientationLandscapeRight";
				INFOPLIST_KEY_UISupportedInterfaceOrientations_iPhone = "UIInterfaceOrientationPortrait UIInterfaceOrientationLandscapeLeft UIInterfaceOrientationLandscapeRight";
				LD_RUNPATH_SEARCH_PATHS = (
					"$(inherited)",
					"@executable_path/Frameworks",
				);
				MARKETING_VERSION = 1.0;
				PRODUCT_BUNDLE_IDENTIFIER = edu.auburn.tonyg.currencyConverter;
				PRODUCT_NAME = "$(TARGET_NAME)";
				SWIFT_EMIT_LOC_STRINGS = YES;
				SWIFT_VERSION = 5.0;
				TARGETED_DEVICE_FAMILY = "1,2";
			};
			name = Release;
		};
		5A44910829A1D45F0089EB28 /* Debug */ = {
			isa = XCBuildConfiguration;
			buildSettings = {
				ALWAYS_EMBED_SWIFT_STANDARD_LIBRARIES = YES;
				BUNDLE_LOADER = "$(TEST_HOST)";
				CODE_SIGN_STYLE = Automatic;
				CURRENT_PROJECT_VERSION = 1;
				GENERATE_INFOPLIST_FILE = YES;
				IPHONEOS_DEPLOYMENT_TARGET = 16.2;
				MARKETING_VERSION = 1.0;
				PRODUCT_BUNDLE_IDENTIFIER = edu.auburn.tonyg.currencyConverterTests;
				PRODUCT_NAME = "$(TARGET_NAME)";
				SWIFT_EMIT_LOC_STRINGS = NO;
				SWIFT_VERSION = 5.0;
				TARGETED_DEVICE_FAMILY = "1,2";
				TEST_HOST = "$(BUILT_PRODUCTS_DIR)/currencyConverter.app/$(BUNDLE_EXECUTABLE_FOLDER_PATH)/currencyConverter";
			};
			name = Debug;
		};
		5A44910929A1D45F0089EB28 /* Release */ = {
			isa = XCBuildConfiguration;
			buildSettings = {
				ALWAYS_EMBED_SWIFT_STANDARD_LIBRARIES = YES;
				BUNDLE_LOADER = "$(TEST_HOST)";
				CODE_SIGN_STYLE = Automatic;
				CURRENT_PROJECT_VERSION = 1;
				GENERATE_INFOPLIST_FILE = YES;
				IPHONEOS_DEPLOYMENT_TARGET = 16.2;
				MARKETING_VERSION = 1.0;
				PRODUCT_BUNDLE_IDENTIFIER = edu.auburn.tonyg.currencyConverterTests;
				PRODUCT_NAME = "$(TARGET_NAME)";
				SWIFT_EMIT_LOC_STRINGS = NO;
				SWIFT_VERSION = 5.0;
				TARGETED_DEVICE_FAMILY = "1,2";
				TEST_HOST = "$(BUILT_PRODUCTS_DIR)/currencyConverter.app/$(BUNDLE_EXECUTABLE_FOLDER_PATH)/currencyConverter";
			};
			name = Release;
		};
		5A44910B29A1D45F0089EB28 /* Debug */ = {
			isa = XCBuildConfiguration;
			buildSettings = {
				ALWAYS_EMBED_SWIFT_STANDARD_LIBRARIES = YES;
				CODE_SIGN_STYLE = Automatic;
				CURRENT_PROJECT_VERSION = 1;
				GENERATE_INFOPLIST_FILE = YES;
				MARKETING_VERSION = 1.0;
				PRODUCT_BUNDLE_IDENTIFIER = edu.auburn.tonyg.currencyConverterUITests;
				PRODUCT_NAME = "$(TARGET_NAME)";
				SWIFT_EMIT_LOC_STRINGS = NO;
				SWIFT_VERSION = 5.0;
				TARGETED_DEVICE_FAMILY = "1,2";
				TEST_TARGET_NAME = currencyConverter;
			};
			name = Debug;
		};
		5A44910C29A1D45F0089EB28 /* Release */ = {
			isa = XCBuildConfiguration;
			buildSettings = {
				ALWAYS_EMBED_SWIFT_STANDARD_LIBRARIES = YES;
				CODE_SIGN_STYLE = Automatic;
				CURRENT_PROJECT_VERSION = 1;
				GENERATE_INFOPLIST_FILE = YES;
				MARKETING_VERSION = 1.0;
				PRODUCT_BUNDLE_IDENTIFIER = edu.auburn.tonyg.currencyConverterUITests;
				PRODUCT_NAME = "$(TARGET_NAME)";
				SWIFT_EMIT_LOC_STRINGS = NO;
				SWIFT_VERSION = 5.0;
				TARGETED_DEVICE_FAMILY = "1,2";
				TEST_TARGET_NAME = currencyConverter;
			};
			name = Release;
		};
/* End XCBuildConfiguration section */

/* Begin XCConfigurationList section */
		5A4490D529A1D45E0089EB28 /* Build configuration list for PBXProject "currencyConverter" */ = {
			isa = XCConfigurationList;
			buildConfigurations = (
				5A44910229A1D45F0089EB28 /* Debug */,
				5A44910329A1D45F0089EB28 /* Release */,
			);
			defaultConfigurationIsVisible = 0;
			defaultConfigurationName = Release;
		};
		5A44910429A1D45F0089EB28 /* Build configuration list for PBXNativeTarget "currencyConverter" */ = {
			isa = XCConfigurationList;
			buildConfigurations = (
				5A44910529A1D45F0089EB28 /* Debug */,
				5A44910629A1D45F0089EB28 /* Release */,
			);
			defaultConfigurationIsVisible = 0;
			defaultConfigurationName = Release;
		};
		5A44910729A1D45F0089EB28 /* Build configuration list for PBXNativeTarget "currencyConverterTests" */ = {
			isa = XCConfigurationList;
			buildConfigurations = (
				5A44910829A1D45F0089EB28 /* Debug */,
				5A44910929A1D45F0089EB28 /* Release */,
			);
			defaultConfigurationIsVisible = 0;
			defaultConfigurationName = Release;
		};
		5A44910A29A1D45F0089EB28 /* Build configuration list for PBXNativeTarget "currencyConverterUITests" */ = {
			isa = XCConfigurationList;
			buildConfigurations = (
				5A44910B29A1D45F0089EB28 /* Debug */,
				5A44910C29A1D45F0089EB28 /* Release */,
			);
			defaultConfigurationIsVisible = 0;
			defaultConfigurationName = Release;
		};
/* End XCConfigurationList section */
	};
	rootObject = 5A4490D229A1D45E0089EB28 /* Project object */;
}
